
Microsoft Visual Studio Solution File, Format Version 12.00
# Visual Studio Version 16
VisualStudioVersion = 16.0.29905.134
MinimumVisualStudioVersion = 10.0.40219.1
Project("{888888A0-9F3D-457C-B088-3A5042F75D52}") = "TempHumiSystem", "TempHumiSystem.pyproj", "{B588BD9E-D958-4908-AAB3-22495939379C}"
EndProject
Global
	GlobalSection(SolutionConfigurationPlatforms) = preSolution
		Debug|Any CPU = Debug|Any CPU
		Release|Any CPU = Release|Any CPU
	EndGlobalSection
	GlobalSection(ProjectConfigurationPlatforms) = postSolution
		{B588BD9E-D958-4908-AAB3-22495939379C}.Debug|Any CPU.ActiveCfg = Debug|Any CPU
		{B588BD9E-D958-4908-AAB3-22495939379C}.Release|Any CPU.ActiveCfg = Release|Any CPU
	EndGlobalSection
	GlobalSection(SolutionProperties) = preSolution
		HideSolutionNode = FALSE
	EndGlobalSection
	GlobalSection(ExtensibilityGlobals) = postSolution
		SolutionGuid = {223E4F8F-831E-4853-A48D-19DE73F9EB7E}
	EndGlobalSection
EndGlobal
